{
  "name": "kafka-tut",
  "version": "1.0.0",
  "lockfileVersion": 3,
  "requires": true,
  "packages": {
    "": {
      "name": "kafka-tut",
      "version": "1.0.0",
      "license": "ISC",
      "dependencies": {
        "js": "^0.1.0",
        "kafka": "^0.2.3",
        "kafkajs": "^2.2.4"
      }
    },
    "node_modules/commander": {
      "version": "1.1.1",
      "resolved": "https://registry.npmjs.org/commander/-/commander-1.1.1.tgz",
      "integrity": "sha512-71Rod2AhcH3JhkBikVpNd0pA+fWsmAaVoti6OR38T76chA7vE3pSerS0Jor4wDw+tOueD2zLVvFOw5H0Rcj7rA==",
      "dependencies": {
        "keypress": "0.1.x"
      },
      "engines": {
        "node": ">= 0.6.x"
      }
    },
    "node_modules/js": {
      "version": "0.1.0",
      "resolved": "https://registry.npmjs.org/js/-/js-0.1.0.tgz",
      "integrity": "sha512-ZBbGYOpact8QAH9RprFWL4RAESYwbDodxiuDjOnzwzzk9pBzKycoifGuUrHHcDixE/eLMKPHRaXenTgu1qXBqA==",
      "dependencies": {
        "commander": "~1.1.1"
      },
      "bin": {
        "js": "bin/js"
      }
    },
    "node_modules/kafka": {
      "version": "0.2.3",
      "resolved": "https://registry.npmjs.org/kafka/-/kafka-0.2.3.tgz",
      "integrity": "sha512-Qi9J1HgikGlZz4dGzG++sZ3L52JTE+LCWelz3MNmze0KePSeWvZHVtGe981/mD/u+wyLg6INFw3Rgrqyg+orTA==",
      "dependencies": {
        "std": "0.1.36"
      },
      "engines": {
        "node": "*"
      }
    },
    "node_modules/kafkajs": {
      "version": "2.2.4",
      "resolved": "https://registry.npmjs.org/kafkajs/-/kafkajs-2.2.4.tgz",
      "integrity": "sha512-j/YeapB1vfPT2iOIUn/vxdyKEuhuY2PxMBvf5JWux6iSaukAccrMtXEY/Lb7OvavDhOWME589bpLrEdnVHjfjA==",
      "license": "MIT",
      "engines": {
        "node": ">=14.0.0"
      }
    },
    "node_modules/keypress": {
      "version": "0.1.0",
      "resolved": "https://registry.npmjs.org/keypress/-/keypress-0.1.0.tgz",
      "integrity": "sha512-x0yf9PL/nx9Nw9oLL8ZVErFAk85/lslwEP7Vz7s5SI1ODXZIgit3C5qyWjw4DxOuO/3Hb4866SQh28a1V1d+WA==",
      "license": "MIT"
    },
    "node_modules/std": {
      "version": "0.1.36",
      "resolved": "https://registry.npmjs.org/std/-/std-0.1.36.tgz",
      "integrity": "sha512-PZP6srpVKfDgMwgbo+0jOUV0IFAWxHKlyQj3wiZiov8AYbXtoDjhNtFaCLkthOp0T5I6HDFzYvo2mRVtU5HYdg==",
      "engines": {
        "node": "*"
      }
    }
  }
}
